
Microsoft Visual Studio Solution File, Format Version 12.00
# Visual Studio Version 17
VisualStudioVersion = 17.1.32210.238
MinimumVisualStudioVersion = 10.0.40219.1
Project("{FAE04EC0-301F-11D3-BF4B-00C04F79EFBC}") = "DemoWebBanVali", "DemoWebBanVali.csproj", "{F5BE5CB2-68D4-4A10-B80A-08CA348D43E7}"
EndProject
Global
	GlobalSection(SolutionConfigurationPlatforms) = preSolution
		Debug|Any CPU = Debug|Any CPU
		Release|Any CPU = Release|Any CPU
	EndGlobalSection
	GlobalSection(ProjectConfigurationPlatforms) = postSolution
		{F5BE5CB2-68D4-4A10-B80A-08CA348D43E7}.Debug|Any CPU.ActiveCfg = Debug|Any CPU
		{F5BE5CB2-68D4-4A10-B80A-08CA348D43E7}.Debug|Any CPU.Build.0 = Debug|Any CPU
		{F5BE5CB2-68D4-4A10-B80A-08CA348D43E7}.Release|Any CPU.ActiveCfg = Release|Any CPU
		{F5BE5CB2-68D4-4A10-B80A-08CA348D43E7}.Release|Any CPU.Build.0 = Release|Any CPU
	EndGlobalSection
	GlobalSection(SolutionProperties) = preSolution
		HideSolutionNode = FALSE
	EndGlobalSection
	GlobalSection(ExtensibilityGlobals) = postSolution
		SolutionGuid = {2DD312F1-F5D0-4021-84A5-65C19F211A65}
	EndGlobalSection
EndGlobal
